
Microsoft Visual Studio Solution File, Format Version 12.00
# Visual Studio Version 17
VisualStudioVersion = 17.8.34330.188
MinimumVisualStudioVersion = 10.0.40219.1
Project("{FAE04EC0-301F-11D3-BF4B-00C04F79EFBC}") = "HostedServiceApp", "backgroundService\HostedServiceApp\HostedServiceApp.csproj", "{1F17A9AF-29F2-4BDA-B1E3-DAB5BFC1003E}"
EndProject
Project("{FAE04EC0-301F-11D3-BF4B-00C04F79EFBC}") = "WorkerServiceApp", "backgroundService\WorkerServiceApp\WorkerServiceApp.csproj", "{F1257FE9-D9C7-46C8-9802-154C3E3BB9DB}"
EndProject
Global
	GlobalSection(SolutionConfigurationPlatforms) = preSolution
		Debug|Any CPU = Debug|Any CPU
		Release|Any CPU = Release|Any CPU
	EndGlobalSection
	GlobalSection(ProjectConfigurationPlatforms) = postSolution
		{1F17A9AF-29F2-4BDA-B1E3-DAB5BFC1003E}.Debug|Any CPU.ActiveCfg = Debug|Any CPU
		{1F17A9AF-29F2-4BDA-B1E3-DAB5BFC1003E}.Debug|Any CPU.Build.0 = Debug|Any CPU
		{1F17A9AF-29F2-4BDA-B1E3-DAB5BFC1003E}.Release|Any CPU.ActiveCfg = Release|Any CPU
		{1F17A9AF-29F2-4BDA-B1E3-DAB5BFC1003E}.Release|Any CPU.Build.0 = Release|Any CPU
		{F1257FE9-D9C7-46C8-9802-154C3E3BB9DB}.Debug|Any CPU.ActiveCfg = Debug|Any CPU
		{F1257FE9-D9C7-46C8-9802-154C3E3BB9DB}.Debug|Any CPU.Build.0 = Debug|Any CPU
		{F1257FE9-D9C7-46C8-9802-154C3E3BB9DB}.Release|Any CPU.ActiveCfg = Release|Any CPU
		{F1257FE9-D9C7-46C8-9802-154C3E3BB9DB}.Release|Any CPU.Build.0 = Release|Any CPU
	EndGlobalSection
	GlobalSection(SolutionProperties) = preSolution
		HideSolutionNode = FALSE
	EndGlobalSection
	GlobalSection(ExtensibilityGlobals) = postSolution
		SolutionGuid = {48EB9A4B-D237-4815-A1C0-5CB8809AC550}
	EndGlobalSection
EndGlobal
